
Microsoft Visual Studio Solution File, Format Version 12.00
# Visual Studio Version 17
VisualStudioVersion = 17.3.32922.545
MinimumVisualStudioVersion = 10.0.40219.1
Project("{FAE04EC0-301F-11D3-BF4B-00C04F79EFBC}") = "P4_2_1214085", "P4_2_1214085\P4_2_1214085.csproj", "{012A04D6-C1D0-4F3E-A15A-7568F9BB68C2}"
EndProject
Global
	GlobalSection(SolutionConfigurationPlatforms) = preSolution
		Debug|Any CPU = Debug|Any CPU
		Release|Any CPU = Release|Any CPU
	EndGlobalSection
	GlobalSection(ProjectConfigurationPlatforms) = postSolution
		{012A04D6-C1D0-4F3E-A15A-7568F9BB68C2}.Debug|Any CPU.ActiveCfg = Debug|Any CPU
		{012A04D6-C1D0-4F3E-A15A-7568F9BB68C2}.Debug|Any CPU.Build.0 = Debug|Any CPU
		{012A04D6-C1D0-4F3E-A15A-7568F9BB68C2}.Release|Any CPU.ActiveCfg = Release|Any CPU
		{012A04D6-C1D0-4F3E-A15A-7568F9BB68C2}.Release|Any CPU.Build.0 = Release|Any CPU
	EndGlobalSection
	GlobalSection(SolutionProperties) = preSolution
		HideSolutionNode = FALSE
	EndGlobalSection
	GlobalSection(ExtensibilityGlobals) = postSolution
		SolutionGuid = {100C52E1-6097-4975-A065-BC427B7ACC4C}
	EndGlobalSection
EndGlobal
